{
    "requires": true,
    "lockfileVersion": 1,
    "dependencies": {
        "ionicons": {
            "version": "5.0.1",
            "resolved": "https://registry.npmjs.org/ionicons/-/ionicons-5.0.1.tgz",
            "integrity": "sha512-P9GHr7pgCJcG211W0wute49NZ9AvJZvFJf4OwYybakjX6j7tu0q5t5HNWn9bcb9YjI7SxBblJg8iqQ1Yb59DXw=="
        }
    }
}
